
Microsoft Visual Studio Solution File, Format Version 12.00
# Visual Studio Version 17
VisualStudioVersion = 17.3.32929.385
MinimumVisualStudioVersion = 10.0.40219.1
Project("{FAE04EC0-301F-11D3-BF4B-00C04F79EFBC}") = "CouponFollowRecruitmentTask", "CouponFollowRecruitmentTask\CouponFollowRecruitmentTask.csproj", "{A04C132B-A19A-4D67-9AB1-41011E1DC395}"
EndProject
Global
	GlobalSection(SolutionConfigurationPlatforms) = preSolution
		Debug|Any CPU = Debug|Any CPU
		Release|Any CPU = Release|Any CPU
	EndGlobalSection
	GlobalSection(ProjectConfigurationPlatforms) = postSolution
		{A04C132B-A19A-4D67-9AB1-41011E1DC395}.Debug|Any CPU.ActiveCfg = Debug|Any CPU
		{A04C132B-A19A-4D67-9AB1-41011E1DC395}.Debug|Any CPU.Build.0 = Debug|Any CPU
		{A04C132B-A19A-4D67-9AB1-41011E1DC395}.Release|Any CPU.ActiveCfg = Release|Any CPU
		{A04C132B-A19A-4D67-9AB1-41011E1DC395}.Release|Any CPU.Build.0 = Release|Any CPU
	EndGlobalSection
	GlobalSection(SolutionProperties) = preSolution
		HideSolutionNode = FALSE
	EndGlobalSection
	GlobalSection(ExtensibilityGlobals) = postSolution
		SolutionGuid = {44E25E5D-8D7D-437A-AF03-F2D67373E847}
	EndGlobalSection
EndGlobal
